// !$*UTF8*$!
{
	archiveVersion = 1;
	classes = {
	};
	objectVersion = 70;
	objects = {

/* Begin PBXBuildFile section */
		9E3661302F2F96980098811A /* Helpers.swift in Sources */ = {isa = PBXBuildFile; fileRef = 9E528F0E2E8BFF8A00FCCE91 /* Helpers.swift */; };
		9E51095D2ECA22CD00A32416 /* FirebaseAuth in Frameworks */ = {isa = PBXBuildFile; productRef = 9E51095C2ECA22CD00A32416 /* FirebaseAuth */; };
		9E51095F2ECA22CD00A32416 /* FirebaseCore in Frameworks */ = {isa = PBXBuildFile; productRef = 9E51095E2ECA22CD00A32416 /* FirebaseCore */; };
		9E528F0D2E8BFF5C00FCCE91 /* ButtonViewModifier.swift in Sources */ = {isa = PBXBuildFile; fileRef = 9E528F0C2E8BFF5C00FCCE91 /* ButtonViewModifier.swift */; };
		9E528F0F2E8BFF8A00FCCE91 /* Helpers.swift in Sources */ = {isa = PBXBuildFile; fileRef = 9E528F0E2E8BFF8A00FCCE91 /* Helpers.swift */; };
		9E528F112E8BFFA000FCCE91 /* DateBar.swift in Sources */ = {isa = PBXBuildFile; fileRef = 9E528F102E8BFFA000FCCE91 /* DateBar.swift */; };
		9E528F152E8BFFC100FCCE91 /* ProgressLineChart.swift in Sources */ = {isa = PBXBuildFile; fileRef = 9E528F142E8BFFC100FCCE91 /* ProgressLineChart.swift */; };
		9E528F172E8BFFE700FCCE91 /* WeeklyProgress.swift in Sources */ = {isa = PBXBuildFile; fileRef = 9E528F162E8BFFE700FCCE91 /* WeeklyProgress.swift */; };
		9E528F192E8C000100FCCE91 /* MonthlyProgressBar.swift in Sources */ = {isa = PBXBuildFile; fileRef = 9E528F182E8C000100FCCE91 /* MonthlyProgressBar.swift */; };
		9E528F1B2E8C001500FCCE91 /* Monthlyprogress.swift in Sources */ = {isa = PBXBuildFile; fileRef = 9E528F1A2E8C001500FCCE91 /* Monthlyprogress.swift */; };
		9E528F1E2E8C006A00FCCE91 /* MonthPicker.swift in Sources */ = {isa = PBXBuildFile; fileRef = 9E528F1D2E8C006A00FCCE91 /* MonthPicker.swift */; };
		9E528F212E8C009200FCCE91 /* AddHabit.swift in Sources */ = {isa = PBXBuildFile; fileRef = 9E528F202E8C009200FCCE91 /* AddHabit.swift */; };
		9E528F232E8C010000FCCE91 /* ColorPickerView.swift in Sources */ = {isa = PBXBuildFile; fileRef = 9E528F222E8C010000FCCE91 /* ColorPickerView.swift */; };
		9E528F252E8C013000FCCE91 /* TitleMonth.swift in Sources */ = {isa = PBXBuildFile; fileRef = 9E528F242E8C013000FCCE91 /* TitleMonth.swift */; };
		9E528F272E8C014C00FCCE91 /* CloseStreak.swift in Sources */ = {isa = PBXBuildFile; fileRef = 9E528F262E8C014C00FCCE91 /* CloseStreak.swift */; };
		9E528F292E8C016600FCCE91 /* HabitStartView.swift in Sources */ = {isa = PBXBuildFile; fileRef = 9E528F282E8C016600FCCE91 /* HabitStartView.swift */; };
		9E528F2B2E8C017C00FCCE91 /* CountCard.swift in Sources */ = {isa = PBXBuildFile; fileRef = 9E528F2A2E8C017C00FCCE91 /* CountCard.swift */; };
		9E528F2E2E8C01AB00FCCE91 /* Onboarding.swift in Sources */ = {isa = PBXBuildFile; fileRef = 9E528F2D2E8C01AB00FCCE91 /* Onboarding.swift */; };
		9E528F302E8C01BC00FCCE91 /* SignUpForm.swift in Sources */ = {isa = PBXBuildFile; fileRef = 9E528F2F2E8C01BC00FCCE91 /* SignUpForm.swift */; };
		9E528F322E8C01C900FCCE91 /* SignInForm.swift in Sources */ = {isa = PBXBuildFile; fileRef = 9E528F312E8C01C900FCCE91 /* SignInForm.swift */; };
		9E528F342E8C14C500FCCE91 /* OnboardingSegmentController.swift in Sources */ = {isa = PBXBuildFile; fileRef = 9E528F332E8C14C500FCCE91 /* OnboardingSegmentController.swift */; };
		9E528F362E8C14DE00FCCE91 /* PasswordField.swift in Sources */ = {isa = PBXBuildFile; fileRef = 9E528F352E8C14DE00FCCE91 /* PasswordField.swift */; };
		9E528F382E8C14F100FCCE91 /* Enums.swift in Sources */ = {isa = PBXBuildFile; fileRef = 9E528F372E8C14F100FCCE91 /* Enums.swift */; };
		9E528F3A2E8C152F00FCCE91 /* Validations.swift in Sources */ = {isa = PBXBuildFile; fileRef = 9E528F392E8C152F00FCCE91 /* Validations.swift */; };
		9E528F3C2E8C156900FCCE91 /* DateHelpers.swift in Sources */ = {isa = PBXBuildFile; fileRef = 9E528F3B2E8C156900FCCE91 /* DateHelpers.swift */; };
		9E528F3E2E8C183800FCCE91 /* Habit+Extension.swift in Sources */ = {isa = PBXBuildFile; fileRef = 9E528F3D2E8C183800FCCE91 /* Habit+Extension.swift */; };
		9E528F402E8C189500FCCE91 /* CalendarHeatMap.swift in Sources */ = {isa = PBXBuildFile; fileRef = 9E528F3F2E8C189500FCCE91 /* CalendarHeatMap.swift */; };
		9E528F422E8C197800FCCE91 /* HomeView.swift in Sources */ = {isa = PBXBuildFile; fileRef = 9E528F412E8C197800FCCE91 /* HomeView.swift */; };
		9E528F442E8C1D7000FCCE91 /* AuthenticationService.swift in Sources */ = {isa = PBXBuildFile; fileRef = 9E528F432E8C1D7000FCCE91 /* AuthenticationService.swift */; };
		9E528F4A2E8C299C00FCCE91 /* DateFormatter.swift in Sources */ = {isa = PBXBuildFile; fileRef = 9E528F492E8C299C00FCCE91 /* DateFormatter.swift */; };
		9E528F4C2E8C2AD300FCCE91 /* HabitHeaderView.swift in Sources */ = {isa = PBXBuildFile; fileRef = 9E528F4B2E8C2AD300FCCE91 /* HabitHeaderView.swift */; };
		9E528F4E2E8C2D6600FCCE91 /* HabitCheckBox.swift in Sources */ = {isa = PBXBuildFile; fileRef = 9E528F4D2E8C2D6600FCCE91 /* HabitCheckBox.swift */; };
		9E528F512E8C2DD300FCCE91 /* LogOutButton.swift in Sources */ = {isa = PBXBuildFile; fileRef = 9E528F502E8C2DD300FCCE91 /* LogOutButton.swift */; };
		9E528F532E8C2DED00FCCE91 /* HeaderView.swift in Sources */ = {isa = PBXBuildFile; fileRef = 9E528F522E8C2DED00FCCE91 /* HeaderView.swift */; };
		9E528F552E8C2E0C00FCCE91 /* HabitList.swift in Sources */ = {isa = PBXBuildFile; fileRef = 9E528F542E8C2E0C00FCCE91 /* HabitList.swift */; };
		9E528F572E8C2E2700FCCE91 /* HabitName.swift in Sources */ = {isa = PBXBuildFile; fileRef = 9E528F562E8C2E2700FCCE91 /* HabitName.swift */; };
		9E528F592E8C2E3A00FCCE91 /* HabitRow.swift in Sources */ = {isa = PBXBuildFile; fileRef = 9E528F582E8C2E3A00FCCE91 /* HabitRow.swift */; };
		9E591ECC2EB1229500F4CAF0 /* ThemeToggleButton.swift in Sources */ = {isa = PBXBuildFile; fileRef = 9E591ECB2EB1229500F4CAF0 /* ThemeToggleButton.swift */; };
		9E645C922E9AB81100487B8D /* NotificationManager.swift in Sources */ = {isa = PBXBuildFile; fileRef = 9E645C912E9AB81100487B8D /* NotificationManager.swift */; };
		9E645C952E9ABF7700487B8D /* AppDelegate.swift in Sources */ = {isa = PBXBuildFile; fileRef = 9E645C942E9ABF7700487B8D /* AppDelegate.swift */; };
		9E9E41382EBCF3D9004ACFEE /* FirebaseAuth in Frameworks */ = {isa = PBXBuildFile; productRef = 9E9E41372EBCF3D9004ACFEE /* FirebaseAuth */; };
		9E9E413C2EBCF3D9004ACFEE /* FirebaseCore in Frameworks */ = {isa = PBXBuildFile; productRef = 9E9E413B2EBCF3D9004ACFEE /* FirebaseCore */; };
		9EA39D552EF24D35005168E8 /* ForgotPasswordView.swift in Sources */ = {isa = PBXBuildFile; fileRef = 9EA39D542EF24D34005168E8 /* ForgotPasswordView.swift */; };
		9EA5B6CA2F0F5EB20090C5FF /* GoogleSignInButton.swift in Sources */ = {isa = PBXBuildFile; fileRef = 9EA5B6C92F0F5EB20090C5FF /* GoogleSignInButton.swift */; };
		9EA5B6CC2F0F5EEF0090C5FF /* GoogleAuthHelper.swift in Sources */ = {isa = PBXBuildFile; fileRef = 9EA5B6CB2F0F5EEF0090C5FF /* GoogleAuthHelper.swift */; };
		9EA5B6CE2F0F5F5E0090C5FF /* GoogleService-Info.plist in Resources */ = {isa = PBXBuildFile; fileRef = 9EA5B6CD2F0F5F5E0090C5FF /* GoogleService-Info.plist */; };
		9EA5B6D22F0F605C0090C5FF /* GoogleSignIn in Frameworks */ = {isa = PBXBuildFile; productRef = 9EA5B6D12F0F605C0090C5FF /* GoogleSignIn */; };
		9EA5B6D42F0F605C0090C5FF /* GoogleSignInSwift in Frameworks */ = {isa = PBXBuildFile; productRef = 9EA5B6D32F0F605C0090C5FF /* GoogleSignInSwift */; };
		9EBEFCDC2EACF14F00F7D4DA /* EditHabitView.swift in Sources */ = {isa = PBXBuildFile; fileRef = 9EBEFCDB2EACF14F00F7D4DA /* EditHabitView.swift */; };
		9ECC589D2F2F916A00181D2D /* WidgetKit.framework in Frameworks */ = {isa = PBXBuildFile; fileRef = 9ECC587A2F2F912700181D2D /* WidgetKit.framework */; };
		9ECC589E2F2F916A00181D2D /* SwiftUI.framework in Frameworks */ = {isa = PBXBuildFile; fileRef = 9ECC587C2F2F912700181D2D /* SwiftUI.framework */; };
		9ECC58AB2F2F916D00181D2D /* HabitTrackerWidgetExtension.appex in Embed Foundation Extensions */ = {isa = PBXBuildFile; fileRef = 9ECC589C2F2F916A00181D2D /* HabitTrackerWidgetExtension.appex */; settings = {ATTRIBUTES = (RemoveHeadersOnCopy, ); }; };
		9ECC58B82F2F952200181D2D /* Persistence.swift in Sources */ = {isa = PBXBuildFile; fileRef = 9EF0C85D2E8BF8F500B01A3C /* Persistence.swift */; };
		9ECC58B92F2F953400181D2D /* Habit+Extension.swift in Sources */ = {isa = PBXBuildFile; fileRef = 9E528F3D2E8C183800FCCE91 /* Habit+Extension.swift */; };
		9ECC58BA2F2F953400181D2D /* Habit+CoreDataProperties.swift in Sources */ = {isa = PBXBuildFile; fileRef = 9EF0C8842E8BF9FB00B01A3C /* Habit+CoreDataProperties.swift */; };
		9ECC58BB2F2F953400181D2D /* User+CoreDataClass.swift in Sources */ = {isa = PBXBuildFile; fileRef = 9EF0C8852E8BF9FB00B01A3C /* User+CoreDataClass.swift */; };
		9ECC58BC2F2F953400181D2D /* User+CoreDataProperties.swift in Sources */ = {isa = PBXBuildFile; fileRef = 9EF0C8862E8BF9FB00B01A3C /* User+CoreDataProperties.swift */; };
		9ECC58BD2F2F953900181D2D /* Habit+CoreDataClass.swift in Sources */ = {isa = PBXBuildFile; fileRef = 9EF0C8832E8BF9FB00B01A3C /* Habit+CoreDataClass.swift */; };
		9ECC58BE2F2F953F00181D2D /* HabitTracker.xcdatamodeld in Sources */ = {isa = PBXBuildFile; fileRef = 9EF0C85F2E8BF8F500B01A3C /* HabitTracker.xcdatamodeld */; };
		9EEF534D2EF7CD9A00CDEA1D /* EmojiTextField.swift in Sources */ = {isa = PBXBuildFile; fileRef = 9EEF534C2EF7CD9A00CDEA1D /* EmojiTextField.swift */; };
		9EF0C8552E8BF8F400B01A3C /* HabitTrackerApp.swift in Sources */ = {isa = PBXBuildFile; fileRef = 9EF0C8542E8BF8F400B01A3C /* HabitTrackerApp.swift */; };
		9EF0C8572E8BF8F400B01A3C /* ContentView.swift in Sources */ = {isa = PBXBuildFile; fileRef = 9EF0C8562E8BF8F400B01A3C /* ContentView.swift */; };
		9EF0C8592E8BF8F500B01A3C /* Assets.xcassets in Resources */ = {isa = PBXBuildFile; fileRef = 9EF0C8582E8BF8F500B01A3C /* Assets.xcassets */; };
		9EF0C85C2E8BF8F500B01A3C /* Preview Assets.xcassets in Resources */ = {isa = PBXBuildFile; fileRef = 9EF0C85B2E8BF8F500B01A3C /* Preview Assets.xcassets */; };
		9EF0C85E2E8BF8F500B01A3C /* Persistence.swift in Sources */ = {isa = PBXBuildFile; fileRef = 9EF0C85D2E8BF8F500B01A3C /* Persistence.swift */; };
		9EF0C8612E8BF8F500B01A3C /* HabitTracker.xcdatamodeld in Sources */ = {isa = PBXBuildFile; fileRef = 9EF0C85F2E8BF8F500B01A3C /* HabitTracker.xcdatamodeld */; };
		9EF0C86B2E8BF8F500B01A3C /* HabitTrackerTests.swift in Sources */ = {isa = PBXBuildFile; fileRef = 9EF0C86A2E8BF8F500B01A3C /* HabitTrackerTests.swift */; };
		9EF0C8752E8BF8F500B01A3C /* HabitTrackerUITests.swift in Sources */ = {isa = PBXBuildFile; fileRef = 9EF0C8742E8BF8F500B01A3C /* HabitTrackerUITests.swift */; };
		9EF0C8772E8BF8F500B01A3C /* HabitTrackerUITestsLaunchTests.swift in Sources */ = {isa = PBXBuildFile; fileRef = 9EF0C8762E8BF8F500B01A3C /* HabitTrackerUITestsLaunchTests.swift */; };
		9EF0C8872E8BF9FB00B01A3C /* Habit+CoreDataClass.swift in Sources */ = {isa = PBXBuildFile; fileRef = 9EF0C8832E8BF9FB00B01A3C /* Habit+CoreDataClass.swift */; };
		9EF0C8882E8BF9FB00B01A3C /* Habit+CoreDataProperties.swift in Sources */ = {isa = PBXBuildFile; fileRef = 9EF0C8842E8BF9FB00B01A3C /* Habit+CoreDataProperties.swift */; };
		9EF0C8892E8BF9FB00B01A3C /* User+CoreDataClass.swift in Sources */ = {isa = PBXBuildFile; fileRef = 9EF0C8852E8BF9FB00B01A3C /* User+CoreDataClass.swift */; };
		9EF0C88A2E8BF9FB00B01A3C /* User+CoreDataProperties.swift in Sources */ = {isa = PBXBuildFile; fileRef = 9EF0C8862E8BF9FB00B01A3C /* User+CoreDataProperties.swift */; };
		9EF0C88C2E8BFA4E00B01A3C /* HabitTrackerViewModel.swift in Sources */ = {isa = PBXBuildFile; fileRef = 9EF0C88B2E8BFA4E00B01A3C /* HabitTrackerViewModel.swift */; };
		9EF0C88F2E8BFA8900B01A3C /* AddButton.swift in Sources */ = {isa = PBXBuildFile; fileRef = 9EF0C88E2E8BFA8900B01A3C /* AddButton.swift */; };
		9EF0C8912E8BFA9B00B01A3C /* BarChart.swift in Sources */ = {isa = PBXBuildFile; fileRef = 9EF0C8902E8BFA9B00B01A3C /* BarChart.swift */; };
		9EF0C8932E8BFAA900B01A3C /* AppHeader.swift in Sources */ = {isa = PBXBuildFile; fileRef = 9EF0C8922E8BFAA900B01A3C /* AppHeader.swift */; };
		9EF0C8952E8BFABD00B01A3C /* CircularProgressView.swift in Sources */ = {isa = PBXBuildFile; fileRef = 9EF0C8942E8BFABD00B01A3C /* CircularProgressView.swift */; };
		9EF0C8972E8BFAC900B01A3C /* AppState.swift in Sources */ = {isa = PBXBuildFile; fileRef = 9EF0C8962E8BFAC900B01A3C /* AppState.swift */; };
		9EF0C8992E8BFB3800B01A3C /* HabitDetails.swift in Sources */ = {isa = PBXBuildFile; fileRef = 9EF0C8982E8BFB3800B01A3C /* HabitDetails.swift */; };
		9EFD81E12ED93C510023C93E /* ProfileButton.swift in Sources */ = {isa = PBXBuildFile; fileRef = 9EFD81E02ED93C510023C93E /* ProfileButton.swift */; };
		9EFD81E42ED93E7C0023C93E /* AccountView.swift in Sources */ = {isa = PBXBuildFile; fileRef = 9EFD81E32ED93E7C0023C93E /* AccountView.swift */; };
		9EFD81E62ED93ED10023C93E /* ProfileView.swift in Sources */ = {isa = PBXBuildFile; fileRef = 9EFD81E52ED93ED10023C93E /* ProfileView.swift */; };
		9EFD81EC2ED947B70023C93E /* NoHabitsView.swift in Sources */ = {isa = PBXBuildFile; fileRef = 9EFD81EB2ED947B70023C93E /* NoHabitsView.swift */; };
		9EFD81EE2ED95B920023C93E /* AppGradient.swift in Sources */ = {isa = PBXBuildFile; fileRef = 9EFD81ED2ED95B920023C93E /* AppGradient.swift */; };
		9EFD81F22ED9DF970023C93E /* FeatureRequestView.swift in Sources */ = {isa = PBXBuildFile; fileRef = 9EFD81F12ED9DF970023C93E /* FeatureRequestView.swift */; };
/* End PBXBuildFile section */

/* Begin PBXContainerItemProxy section */
		9ECC58A92F2F916D00181D2D /* PBXContainerItemProxy */ = {
			isa = PBXContainerItemProxy;
			containerPortal = 9EF0C8492E8BF8F400B01A3C /* Project object */;
			proxyType = 1;
			remoteGlobalIDString = 9ECC589B2F2F916900181D2D;
			remoteInfo = HabitTrackerWidgetExtension;
		};
		9EF0C8672E8BF8F500B01A3C /* PBXContainerItemProxy */ = {
			isa = PBXContainerItemProxy;
			containerPortal = 9EF0C8492E8BF8F400B01A3C /* Project object */;
			proxyType = 1;
			remoteGlobalIDString = 9EF0C8502E8BF8F400B01A3C;
			remoteInfo = HabitTracker;
		};
		9EF0C8712E8BF8F500B01A3C /* PBXContainerItemProxy */ = {
			isa = PBXContainerItemProxy;
			containerPortal = 9EF0C8492E8BF8F400B01A3C /* Project object */;
			proxyType = 1;
			remoteGlobalIDString = 9EF0C8502E8BF8F400B01A3C;
			remoteInfo = HabitTracker;
		};
/* End PBXContainerItemProxy section */

/* Begin PBXCopyFilesBuildPhase section */
		9ECC588D2F2F912900181D2D /* Embed Foundation Extensions */ = {
			isa = PBXCopyFilesBuildPhase;
			buildActionMask = 2147483647;
			dstPath = "";
			dstSubfolderSpec = 13;
			files = (
				9ECC58AB2F2F916D00181D2D /* HabitTrackerWidgetExtension.appex in Embed Foundation Extensions */,
			);
			name = "Embed Foundation Extensions";
			runOnlyForDeploymentPostprocessing = 0;
		};
/* End PBXCopyFilesBuildPhase section */

/* Begin PBXFileReference section */
		9E528F0C2E8BFF5C00FCCE91 /* ButtonViewModifier.swift */ = {isa = PBXFileReference; lastKnownFileType = sourcecode.swift; path = ButtonViewModifier.swift; sourceTree = "<group>"; };
		9E528F0E2E8BFF8A00FCCE91 /* Helpers.swift */ = {isa = PBXFileReference; lastKnownFileType = sourcecode.swift; path = Helpers.swift; sourceTree = "<group>"; };
		9E528F102E8BFFA000FCCE91 /* DateBar.swift */ = {isa = PBXFileReference; lastKnownFileType = sourcecode.swift; path = DateBar.swift; sourceTree = "<group>"; };
		9E528F142E8BFFC100FCCE91 /* ProgressLineChart.swift */ = {isa = PBXFileReference; lastKnownFileType = sourcecode.swift; path = ProgressLineChart.swift; sourceTree = "<group>"; };
		9E528F162E8BFFE700FCCE91 /* WeeklyProgress.swift */ = {isa = PBXFileReference; lastKnownFileType = sourcecode.swift; path = WeeklyProgress.swift; sourceTree = "<group>"; };
		9E528F182E8C000100FCCE91 /* MonthlyProgressBar.swift */ = {isa = PBXFileReference; lastKnownFileType = sourcecode.swift; path = MonthlyProgressBar.swift; sourceTree = "<group>"; };
		9E528F1A2E8C001500FCCE91 /* Monthlyprogress.swift */ = {isa = PBXFileReference; lastKnownFileType = sourcecode.swift; path = Monthlyprogress.swift; sourceTree = "<group>"; };
		9E528F1D2E8C006A00FCCE91 /* MonthPicker.swift */ = {isa = PBXFileReference; lastKnownFileType = sourcecode.swift; path = MonthPicker.swift; sourceTree = "<group>"; };
		9E528F202E8C009200FCCE91 /* AddHabit.swift */ = {isa = PBXFileReference; lastKnownFileType = sourcecode.swift; path = AddHabit.swift; sourceTree = "<group>"; };
		9E528F222E8C010000FCCE91 /* ColorPickerView.swift */ = {isa = PBXFileReference; lastKnownFileType = sourcecode.swift; path = ColorPickerView.swift; sourceTree = "<group>"; };
		9E528F242E8C013000FCCE91 /* TitleMonth.swift */ = {isa = PBXFileReference; lastKnownFileType = sourcecode.swift; path = TitleMonth.swift; sourceTree = "<group>"; };
		9E528F262E8C014C00FCCE91 /* CloseStreak.swift */ = {isa = PBXFileReference; lastKnownFileType = sourcecode.swift; path = CloseStreak.swift; sourceTree = "<group>"; };
		9E528F282E8C016600FCCE91 /* HabitStartView.swift */ = {isa = PBXFileReference; lastKnownFileType = sourcecode.swift; path = HabitStartView.swift; sourceTree = "<group>"; };
		9E528F2A2E8C017C00FCCE91 /* CountCard.swift */ = {isa = PBXFileReference; lastKnownFileType = sourcecode.swift; path = CountCard.swift; sourceTree = "<group>"; };
		9E528F2D2E8C01AB00FCCE91 /* Onboarding.swift */ = {isa = PBXFileReference; lastKnownFileType = sourcecode.swift; path = Onboarding.swift; sourceTree = "<group>"; };
		9E528F2F2E8C01BC00FCCE91 /* SignUpForm.swift */ = {isa = PBXFileReference; lastKnownFileType = sourcecode.swift; path = SignUpForm.swift; sourceTree = "<group>"; };
		9E528F312E8C01C900FCCE91 /* SignInForm.swift */ = {isa = PBXFileReference; lastKnownFileType = sourcecode.swift; path = SignInForm.swift; sourceTree = "<group>"; };
		9E528F332E8C14C500FCCE91 /* OnboardingSegmentController.swift */ = {isa = PBXFileReference; lastKnownFileType = sourcecode.swift; path = OnboardingSegmentController.swift; sourceTree = "<group>"; };
		9E528F352E8C14DE00FCCE91 /* PasswordField.swift */ = {isa = PBXFileReference; lastKnownFileType = sourcecode.swift; path = PasswordField.swift; sourceTree = "<group>"; };
		9E528F372E8C14F100FCCE91 /* Enums.swift */ = {isa = PBXFileReference; lastKnownFileType = sourcecode.swift; path = Enums.swift; sourceTree = "<group>"; };
		9E528F392E8C152F00FCCE91 /* Validations.swift */ = {isa = PBXFileReference; lastKnownFileType = sourcecode.swift; path = Validations.swift; sourceTree = "<group>"; };
		9E528F3B2E8C156900FCCE91 /* DateHelpers.swift */ = {isa = PBXFileReference; lastKnownFileType = sourcecode.swift; path = DateHelpers.swift; sourceTree = "<group>"; };
		9E528F3D2E8C183800FCCE91 /* Habit+Extension.swift */ = {isa = PBXFileReference; lastKnownFileType = sourcecode.swift; path = "Habit+Extension.swift"; sourceTree = "<group>"; };
		9E528F3F2E8C189500FCCE91 /* CalendarHeatMap.swift */ = {isa = PBXFileReference; lastKnownFileType = sourcecode.swift; path = CalendarHeatMap.swift; sourceTree = "<group>"; };
		9E528F412E8C197800FCCE91 /* HomeView.swift */ = {isa = PBXFileReference; lastKnownFileType = sourcecode.swift; path = HomeView.swift; sourceTree = "<group>"; };
		9E528F432E8C1D7000FCCE91 /* AuthenticationService.swift */ = {isa = PBXFileReference; lastKnownFileType = sourcecode.swift; path = AuthenticationService.swift; sourceTree = "<group>"; };
		9E528F492E8C299C00FCCE91 /* DateFormatter.swift */ = {isa = PBXFileReference; lastKnownFileType = sourcecode.swift; path = DateFormatter.swift; sourceTree = "<group>"; };
		9E528F4B2E8C2AD300FCCE91 /* HabitHeaderView.swift */ = {isa = PBXFileReference; lastKnownFileType = sourcecode.swift; path = HabitHeaderView.swift; sourceTree = "<group>"; };
		9E528F4D2E8C2D6600FCCE91 /* HabitCheckBox.swift */ = {isa = PBXFileReference; lastKnownFileType = sourcecode.swift; path = HabitCheckBox.swift; sourceTree = "<group>"; };
		9E528F502E8C2DD300FCCE91 /* LogOutButton.swift */ = {isa = PBXFileReference; lastKnownFileType = sourcecode.swift; path = LogOutButton.swift; sourceTree = "<group>"; };
		9E528F522E8C2DED00FCCE91 /* HeaderView.swift */ = {isa = PBXFileReference; lastKnownFileType = sourcecode.swift; path = HeaderView.swift; sourceTree = "<group>"; };
		9E528F542E8C2E0C00FCCE91 /* HabitList.swift */ = {isa = PBXFileReference; lastKnownFileType = sourcecode.swift; path = HabitList.swift; sourceTree = "<group>"; };
		9E528F562E8C2E2700FCCE91 /* HabitName.swift */ = {isa = PBXFileReference; lastKnownFileType = sourcecode.swift; path = HabitName.swift; sourceTree = "<group>"; };
		9E528F582E8C2E3A00FCCE91 /* HabitRow.swift */ = {isa = PBXFileReference; lastKnownFileType = sourcecode.swift; path = HabitRow.swift; sourceTree = "<group>"; };
		9E591ECB2EB1229500F4CAF0 /* ThemeToggleButton.swift */ = {isa = PBXFileReference; lastKnownFileType = sourcecode.swift; path = ThemeToggleButton.swift; sourceTree = "<group>"; };
		9E645C912E9AB81100487B8D /* NotificationManager.swift */ = {isa = PBXFileReference; lastKnownFileType = sourcecode.swift; path = NotificationManager.swift; sourceTree = "<group>"; };
		9E645C932E9ABEAC00487B8D /* Info.plist */ = {isa = PBXFileReference; lastKnownFileType = text.plist; path = Info.plist; sourceTree = "<group>"; };
		9E645C942E9ABF7700487B8D /* AppDelegate.swift */ = {isa = PBXFileReference; lastKnownFileType = sourcecode.swift; path = AppDelegate.swift; sourceTree = "<group>"; };
		9EA39D542EF24D34005168E8 /* ForgotPasswordView.swift */ = {isa = PBXFileReference; lastKnownFileType = sourcecode.swift; path = ForgotPasswordView.swift; sourceTree = "<group>"; };
		9EA5B6C92F0F5EB20090C5FF /* GoogleSignInButton.swift */ = {isa = PBXFileReference; lastKnownFileType = sourcecode.swift; path = GoogleSignInButton.swift; sourceTree = "<group>"; };
		9EA5B6CB2F0F5EEF0090C5FF /* GoogleAuthHelper.swift */ = {isa = PBXFileReference; lastKnownFileType = sourcecode.swift; path = GoogleAuthHelper.swift; sourceTree = "<group>"; };
		9EA5B6CD2F0F5F5E0090C5FF /* GoogleService-Info.plist */ = {isa = PBXFileReference; lastKnownFileType = text.plist.xml; path = "GoogleService-Info.plist"; sourceTree = "<group>"; };
		9EBEFCDB2EACF14F00F7D4DA /* EditHabitView.swift */ = {isa = PBXFileReference; lastKnownFileType = sourcecode.swift; path = EditHabitView.swift; sourceTree = "<group>"; };
		9ECC587A2F2F912700181D2D /* WidgetKit.framework */ = {isa = PBXFileReference; lastKnownFileType = wrapper.framework; name = WidgetKit.framework; path = System/Library/Frameworks/WidgetKit.framework; sourceTree = SDKROOT; };
		9ECC587C2F2F912700181D2D /* SwiftUI.framework */ = {isa = PBXFileReference; lastKnownFileType = wrapper.framework; name = SwiftUI.framework; path = System/Library/Frameworks/SwiftUI.framework; sourceTree = SDKROOT; };
		9ECC589C2F2F916A00181D2D /* HabitTrackerWidgetExtension.appex */ = {isa = PBXFileReference; explicitFileType = "wrapper.app-extension"; includeInIndex = 0; path = HabitTrackerWidgetExtension.appex; sourceTree = BUILT_PRODUCTS_DIR; };
		9ECC58B02F2F91A800181D2D /* HabitTracker.entitlements */ = {isa = PBXFileReference; lastKnownFileType = text.plist.entitlements; path = HabitTracker.entitlements; sourceTree = "<group>"; };
		9ECC58B72F2F92EF00181D2D /* HabitTrackerWidgetExtension.entitlements */ = {isa = PBXFileReference; lastKnownFileType = text.plist.entitlements; path = HabitTrackerWidgetExtension.entitlements; sourceTree = "<group>"; };
		9EEF534C2EF7CD9A00CDEA1D /* EmojiTextField.swift */ = {isa = PBXFileReference; lastKnownFileType = sourcecode.swift; path = EmojiTextField.swift; sourceTree = "<group>"; };
		9EF0C8512E8BF8F400B01A3C /* HabitTracker.app */ = {isa = PBXFileReference; explicitFileType = wrapper.application; includeInIndex = 0; path = HabitTracker.app; sourceTree = BUILT_PRODUCTS_DIR; };
		9EF0C8542E8BF8F400B01A3C /* HabitTrackerApp.swift */ = {isa = PBXFileReference; lastKnownFileType = sourcecode.swift; path = HabitTrackerApp.swift; sourceTree = "<group>"; };
		9EF0C8562E8BF8F400B01A3C /* ContentView.swift */ = {isa = PBXFileReference; lastKnownFileType = sourcecode.swift; path = ContentView.swift; sourceTree = "<group>"; };
		9EF0C8582E8BF8F500B01A3C /* Assets.xcassets */ = {isa = PBXFileReference; lastKnownFileType = folder.assetcatalog; path = Assets.xcassets; sourceTree = "<group>"; };
		9EF0C85B2E8BF8F500B01A3C /* Preview Assets.xcassets */ = {isa = PBXFileReference; lastKnownFileType = folder.assetcatalog; path = "Preview Assets.xcassets"; sourceTree = "<group>"; };
		9EF0C85D2E8BF8F500B01A3C /* Persistence.swift */ = {isa = PBXFileReference; lastKnownFileType = sourcecode.swift; path = Persistence.swift; sourceTree = "<group>"; };
		9EF0C8602E8BF8F500B01A3C /* HabitTracker.xcdatamodel */ = {isa = PBXFileReference; lastKnownFileType = wrapper.xcdatamodel; path = HabitTracker.xcdatamodel; sourceTree = "<group>"; };
		9EF0C8662E8BF8F500B01A3C /* HabitTrackerTests.xctest */ = {isa = PBXFileReference; explicitFileType = wrapper.cfbundle; includeInIndex = 0; path = HabitTrackerTests.xctest; sourceTree = BUILT_PRODUCTS_DIR; };
		9EF0C86A2E8BF8F500B01A3C /* HabitTrackerTests.swift */ = {isa = PBXFileReference; lastKnownFileType = sourcecode.swift; path = HabitTrackerTests.swift; sourceTree = "<group>"; };
		9EF0C8702E8BF8F500B01A3C /* HabitTrackerUITests.xctest */ = {isa = PBXFileReference; explicitFileType = wrapper.cfbundle; includeInIndex = 0; path = HabitTrackerUITests.xctest; sourceTree = BUILT_PRODUCTS_DIR; };
		9EF0C8742E8BF8F500B01A3C /* HabitTrackerUITests.swift */ = {isa = PBXFileReference; lastKnownFileType = sourcecode.swift; path = HabitTrackerUITests.swift; sourceTree = "<group>"; };
		9EF0C8762E8BF8F500B01A3C /* HabitTrackerUITestsLaunchTests.swift */ = {isa = PBXFileReference; lastKnownFileType = sourcecode.swift; path = HabitTrackerUITestsLaunchTests.swift; sourceTree = "<group>"; };
		9EF0C8832E8BF9FB00B01A3C /* Habit+CoreDataClass.swift */ = {isa = PBXFileReference; lastKnownFileType = sourcecode.swift; path = "Habit+CoreDataClass.swift"; sourceTree = "<group>"; };
		9EF0C8842E8BF9FB00B01A3C /* Habit+CoreDataProperties.swift */ = {isa = PBXFileReference; lastKnownFileType = sourcecode.swift; path = "Habit+CoreDataProperties.swift"; sourceTree = "<group>"; };
		9EF0C8852E8BF9FB00B01A3C /* User+CoreDataClass.swift */ = {isa = PBXFileReference; lastKnownFileType = sourcecode.swift; path = "User+CoreDataClass.swift"; sourceTree = "<group>"; };
		9EF0C8862E8BF9FB00B01A3C /* User+CoreDataProperties.swift */ = {isa = PBXFileReference; lastKnownFileType = sourcecode.swift; path = "User+CoreDataProperties.swift"; sourceTree = "<group>"; };
		9EF0C88B2E8BFA4E00B01A3C /* HabitTrackerViewModel.swift */ = {isa = PBXFileReference; lastKnownFileType = sourcecode.swift; path = HabitTrackerViewModel.swift; sourceTree = "<group>"; };
		9EF0C88E2E8BFA8900B01A3C /* AddButton.swift */ = {isa = PBXFileReference; lastKnownFileType = sourcecode.swift; path = AddButton.swift; sourceTree = "<group>"; };
		9EF0C8902E8BFA9B00B01A3C /* BarChart.swift */ = {isa = PBXFileReference; lastKnownFileType = sourcecode.swift; path = BarChart.swift; sourceTree = "<group>"; };
		9EF0C8922E8BFAA900B01A3C /* AppHeader.swift */ = {isa = PBXFileReference; lastKnownFileType = sourcecode.swift; path = AppHeader.swift; sourceTree = "<group>"; };
		9EF0C8942E8BFABD00B01A3C /* CircularProgressView.swift */ = {isa = PBXFileReference; lastKnownFileType = sourcecode.swift; path = CircularProgressView.swift; sourceTree = "<group>"; };
		9EF0C8962E8BFAC900B01A3C /* AppState.swift */ = {isa = PBXFileReference; lastKnownFileType = sourcecode.swift; path = AppState.swift; sourceTree = "<group>"; };
		9EF0C8982E8BFB3800B01A3C /* HabitDetails.swift */ = {isa = PBXFileReference; lastKnownFileType = sourcecode.swift; path = HabitDetails.swift; sourceTree = "<group>"; };
		9EFD81E02ED93C510023C93E /* ProfileButton.swift */ = {isa = PBXFileReference; lastKnownFileType = sourcecode.swift; path = ProfileButton.swift; sourceTree = "<group>"; };
		9EFD81E32ED93E7C0023C93E /* AccountView.swift */ = {isa = PBXFileReference; lastKnownFileType = sourcecode.swift; path = AccountView.swift; sourceTree = "<group>"; };
		9EFD81E52ED93ED10023C93E /* ProfileView.swift */ = {isa = PBXFileReference; lastKnownFileType = sourcecode.swift; path = ProfileView.swift; sourceTree = "<group>"; };
		9EFD81EB2ED947B70023C93E /* NoHabitsView.swift */ = {isa = PBXFileReference; lastKnownFileType = sourcecode.swift; path = NoHabitsView.swift; sourceTree = "<group>"; };
		9EFD81ED2ED95B920023C93E /* AppGradient.swift */ = {isa = PBXFileReference; lastKnownFileType = sourcecode.swift; path = AppGradient.swift; sourceTree = "<group>"; };
		9EFD81F12ED9DF970023C93E /* FeatureRequestView.swift */ = {isa = PBXFileReference; lastKnownFileType = sourcecode.swift; path = FeatureRequestView.swift; sourceTree = "<group>"; };
/* End PBXFileReference section */

/* Begin PBXFileSystemSynchronizedBuildFileExceptionSet section */
		9ECC58AC2F2F916D00181D2D /* PBXFileSystemSynchronizedBuildFileExceptionSet */ = {
			isa = PBXFileSystemSynchronizedBuildFileExceptionSet;
			membershipExceptions = (
				Info.plist,
			);
			target = 9ECC589B2F2F916900181D2D /* HabitTrackerWidgetExtension */;
		};
/* End PBXFileSystemSynchronizedBuildFileExceptionSet section */

/* Begin PBXFileSystemSynchronizedRootGroup section */
		9ECC589F2F2F916A00181D2D /* HabitTrackerWidget */ = {isa = PBXFileSystemSynchronizedRootGroup; exceptions = (9ECC58AC2F2F916D00181D2D /* PBXFileSystemSynchronizedBuildFileExceptionSet */, ); explicitFileTypes = {}; explicitFolders = (); path = HabitTrackerWidget; sourceTree = "<group>"; };
/* End PBXFileSystemSynchronizedRootGroup section */

/* Begin PBXFrameworksBuildPhase section */
		9ECC58992F2F916900181D2D /* Frameworks */ = {
			isa = PBXFrameworksBuildPhase;
			buildActionMask = 2147483647;
			files = (
				9ECC589E2F2F916A00181D2D /* SwiftUI.framework in Frameworks */,
				9ECC589D2F2F916A00181D2D /* WidgetKit.framework in Frameworks */,
			);
			runOnlyForDeploymentPostprocessing = 0;
		};
		9EF0C84E2E8BF8F400B01A3C /* Frameworks */ = {
			isa = PBXFrameworksBuildPhase;
			buildActionMask = 2147483647;
			files = (
				9EA5B6D22F0F605C0090C5FF /* GoogleSignIn in Frameworks */,
				9E51095F2ECA22CD00A32416 /* FirebaseCore in Frameworks */,
				9E51095D2ECA22CD00A32416 /* FirebaseAuth in Frameworks */,
				9EA5B6D42F0F605C0090C5FF /* GoogleSignInSwift in Frameworks */,
				9E9E413C2EBCF3D9004ACFEE /* FirebaseCore in Frameworks */,
				9E9E41382EBCF3D9004ACFEE /* FirebaseAuth in Frameworks */,
			);
			runOnlyForDeploymentPostprocessing = 0;
		};
		9EF0C8632E8BF8F500B01A3C /* Frameworks */ = {
			isa = PBXFrameworksBuildPhase;
			buildActionMask = 2147483647;
			files = (
			);
			runOnlyForDeploymentPostprocessing = 0;
		};
		9EF0C86D2E8BF8F500B01A3C /* Frameworks */ = {
			isa = PBXFrameworksBuildPhase;
			buildActionMask = 2147483647;
			files = (
			);
			runOnlyForDeploymentPostprocessing = 0;
		};
/* End PBXFrameworksBuildPhase section */

/* Begin PBXGroup section */
		9E528F0B2E8BFE2F00FCCE91 /* Core Data */ = {
			isa = PBXGroup;
			children = (
				9EF0C85D2E8BF8F500B01A3C /* Persistence.swift */,
				9EF0C8832E8BF9FB00B01A3C /* Habit+CoreDataClass.swift */,
				9EF0C85F2E8BF8F500B01A3C /* HabitTracker.xcdatamodeld */,
				9EF0C8842E8BF9FB00B01A3C /* Habit+CoreDataProperties.swift */,
				9E528F3D2E8C183800FCCE91 /* Habit+Extension.swift */,
				9EF0C8852E8BF9FB00B01A3C /* User+CoreDataClass.swift */,
				9EF0C8862E8BF9FB00B01A3C /* User+CoreDataProperties.swift */,
			);
			name = "Core Data";
			path = ..;
			sourceTree = "<group>";
		};
		9E528F122E8BFFAC00FCCE91 /* Extras */ = {
			isa = PBXGroup;
			children = (
				9E528F0E2E8BFF8A00FCCE91 /* Helpers.swift */,
				9E528F0C2E8BFF5C00FCCE91 /* ButtonViewModifier.swift */,
				9E528F372E8C14F100FCCE91 /* Enums.swift */,
				9E528F3B2E8C156900FCCE91 /* DateHelpers.swift */,
				9E528F492E8C299C00FCCE91 /* DateFormatter.swift */,
				9EFD81ED2ED95B920023C93E /* AppGradient.swift */,
				9E528F392E8C152F00FCCE91 /* Validations.swift */,
			);
			path = Extras;
			sourceTree = "<group>";
		};
		9E528F132E8BFFB300FCCE91 /* Charts */ = {
			isa = PBXGroup;
			children = (
				9EF0C8902E8BFA9B00B01A3C /* BarChart.swift */,
				9E528F142E8BFFC100FCCE91 /* ProgressLineChart.swift */,
				9E528F3F2E8C189500FCCE91 /* CalendarHeatMap.swift */,
			);
			path = Charts;
			sourceTree = "<group>";
		};
		9E528F1C2E8C002100FCCE91 /* HabitDetails */ = {
			isa = PBXGroup;
			children = (
				9EBEFCDB2EACF14F00F7D4DA /* EditHabitView.swift */,
				9EF0C8982E8BFB3800B01A3C /* HabitDetails.swift */,
				9E528F4B2E8C2AD300FCCE91 /* HabitHeaderView.swift */,
				9E528F2A2E8C017C00FCCE91 /* CountCard.swift */,
				9E528F282E8C016600FCCE91 /* HabitStartView.swift */,
				9E528F262E8C014C00FCCE91 /* CloseStreak.swift */,
				9E528F242E8C013000FCCE91 /* TitleMonth.swift */,
				9E528F1A2E8C001500FCCE91 /* Monthlyprogress.swift */,
				9EF0C8922E8BFAA900B01A3C /* AppHeader.swift */,
				9E528F102E8BFFA000FCCE91 /* DateBar.swift */,
				9EF0C8942E8BFABD00B01A3C /* CircularProgressView.swift */,
				9E528F182E8C000100FCCE91 /* MonthlyProgressBar.swift */,
				9E528F162E8BFFE700FCCE91 /* WeeklyProgress.swift */,
			);
			path = HabitDetails;
			sourceTree = "<group>";
		};
		9E528F1F2E8C007700FCCE91 /* AddHabit */ = {
			isa = PBXGroup;
			children = (
				9E528F202E8C009200FCCE91 /* AddHabit.swift */,
				9EF0C88E2E8BFA8900B01A3C /* AddButton.swift */,
				9E528F222E8C010000FCCE91 /* ColorPickerView.swift */,
				9E528F1D2E8C006A00FCCE91 /* MonthPicker.swift */,
				9EEF534C2EF7CD9A00CDEA1D /* EmojiTextField.swift */,
			);
			path = AddHabit;
			sourceTree = "<group>";
		};
		9E528F2C2E8C01A200FCCE91 /* Onboarding */ = {
			isa = PBXGroup;
			children = (
				9E528F2D2E8C01AB00FCCE91 /* Onboarding.swift */,
				9E528F312E8C01C900FCCE91 /* SignInForm.swift */,
				9E528F2F2E8C01BC00FCCE91 /* SignUpForm.swift */,
				9EA5B6C92F0F5EB20090C5FF /* GoogleSignInButton.swift */,
				9EA5B6CB2F0F5EEF0090C5FF /* GoogleAuthHelper.swift */,
				9E528F332E8C14C500FCCE91 /* OnboardingSegmentController.swift */,
				9E528F352E8C14DE00FCCE91 /* PasswordField.swift */,
				9E528F432E8C1D7000FCCE91 /* AuthenticationService.swift */,
				9EA39D542EF24D34005168E8 /* ForgotPasswordView.swift */,
			);
			path = Onboarding;
			sourceTree = "<group>";
		};
		9E528F4F2E8C2D8300FCCE91 /* Home */ = {
			isa = PBXGroup;
			children = (
				9E528F412E8C197800FCCE91 /* HomeView.swift */,
				9E528F562E8C2E2700FCCE91 /* HabitName.swift */,
				9E528F4D2E8C2D6600FCCE91 /* HabitCheckBox.swift */,
				9E528F582E8C2E3A00FCCE91 /* HabitRow.swift */,
				9E528F542E8C2E0C00FCCE91 /* HabitList.swift */,
				9E528F522E8C2DED00FCCE91 /* HeaderView.swift */,
				9EFD81E02ED93C510023C93E /* ProfileButton.swift */,
				9EFD81EB2ED947B70023C93E /* NoHabitsView.swift */,
			);
			path = Home;
			sourceTree = "<group>";
		};
		9E645C902E9AAF7000487B8D /* LocalNotification */ = {
			isa = PBXGroup;
			children = (
				9E645C912E9AB81100487B8D /* NotificationManager.swift */,
			);
			path = LocalNotification;
			sourceTree = "<group>";
		};
		9ECC58792F2F912700181D2D /* Frameworks */ = {
			isa = PBXGroup;
			children = (
				9ECC587A2F2F912700181D2D /* WidgetKit.framework */,
				9ECC587C2F2F912700181D2D /* SwiftUI.framework */,
			);
			name = Frameworks;
			sourceTree = "<group>";
		};
		9EF0C8482E8BF8F400B01A3C = {
			isa = PBXGroup;
			children = (
				9ECC58B72F2F92EF00181D2D /* HabitTrackerWidgetExtension.entitlements */,
				9EF0C8532E8BF8F400B01A3C /* HabitTracker */,
				9EF0C8692E8BF8F500B01A3C /* HabitTrackerTests */,
				9EF0C8732E8BF8F500B01A3C /* HabitTrackerUITests */,
				9ECC589F2F2F916A00181D2D /* HabitTrackerWidget */,
				9ECC58792F2F912700181D2D /* Frameworks */,
				9EF0C8522E8BF8F400B01A3C /* Products */,
			);
			sourceTree = "<group>";
		};
		9EF0C8522E8BF8F400B01A3C /* Products */ = {
			isa = PBXGroup;
			children = (
				9EF0C8512E8BF8F400B01A3C /* HabitTracker.app */,
				9EF0C8662E8BF8F500B01A3C /* HabitTrackerTests.xctest */,
				9EF0C8702E8BF8F500B01A3C /* HabitTrackerUITests.xctest */,
				9ECC589C2F2F916A00181D2D /* HabitTrackerWidgetExtension.appex */,
			);
			name = Products;
			sourceTree = "<group>";
		};
		9EF0C8532E8BF8F400B01A3C /* HabitTracker */ = {
			isa = PBXGroup;
			children = (
				9ECC58B02F2F91A800181D2D /* HabitTracker.entitlements */,
				9EA5B6CD2F0F5F5E0090C5FF /* GoogleService-Info.plist */,
				9EFD81E22ED93E6B0023C93E /* Account */,
				9E645C932E9ABEAC00487B8D /* Info.plist */,
				9E645C902E9AAF7000487B8D /* LocalNotification */,
				9E528F0B2E8BFE2F00FCCE91 /* Core Data */,
				9E528F2C2E8C01A200FCCE91 /* Onboarding */,
				9EF0C8542E8BF8F400B01A3C /* HabitTrackerApp.swift */,
				9E645C942E9ABF7700487B8D /* AppDelegate.swift */,
				9EF0C8562E8BF8F400B01A3C /* ContentView.swift */,
				9E528F4F2E8C2D8300FCCE91 /* Home */,
				9EF0C8962E8BFAC900B01A3C /* AppState.swift */,
				9E528F1F2E8C007700FCCE91 /* AddHabit */,
				9E528F122E8BFFAC00FCCE91 /* Extras */,
				9E528F132E8BFFB300FCCE91 /* Charts */,
				9E528F1C2E8C002100FCCE91 /* HabitDetails */,
				9EF0C8582E8BF8F500B01A3C /* Assets.xcassets */,
				9EF0C85A2E8BF8F500B01A3C /* Preview Content */,
				9EF0C88D2E8BFA7B00B01A3C /* ViewModel */,
			);
			path = HabitTracker;
			sourceTree = "<group>";
		};
		9EF0C85A2E8BF8F500B01A3C /* Preview Content */ = {
			isa = PBXGroup;
			children = (
				9EF0C85B2E8BF8F500B01A3C /* Preview Assets.xcassets */,
			);
			path = "Preview Content";
			sourceTree = "<group>";
		};
		9EF0C8692E8BF8F500B01A3C /* HabitTrackerTests */ = {
			isa = PBXGroup;
			children = (
				9EF0C86A2E8BF8F500B01A3C /* HabitTrackerTests.swift */,
			);
			path = HabitTrackerTests;
			sourceTree = "<group>";
		};
		9EF0C8732E8BF8F500B01A3C /* HabitTrackerUITests */ = {
			isa = PBXGroup;
			children = (
				9EF0C8742E8BF8F500B01A3C /* HabitTrackerUITests.swift */,
				9EF0C8762E8BF8F500B01A3C /* HabitTrackerUITestsLaunchTests.swift */,
			);
			path = HabitTrackerUITests;
			sourceTree = "<group>";
		};
		9EF0C88D2E8BFA7B00B01A3C /* ViewModel */ = {
			isa = PBXGroup;
			children = (
				9EF0C88B2E8BFA4E00B01A3C /* HabitTrackerViewModel.swift */,
			);
			path = ViewModel;
			sourceTree = "<group>";
		};
		9EFD81E22ED93E6B0023C93E /* Account */ = {
			isa = PBXGroup;
			children = (
				9EFD81F12ED9DF970023C93E /* FeatureRequestView.swift */,
				9EFD81E32ED93E7C0023C93E /* AccountView.swift */,
				9E591ECB2EB1229500F4CAF0 /* ThemeToggleButton.swift */,
				9EFD81E52ED93ED10023C93E /* ProfileView.swift */,
				9E528F502E8C2DD300FCCE91 /* LogOutButton.swift */,
			);
			path = Account;
			sourceTree = "<group>";
		};
/* End PBXGroup section */

/* Begin PBXNativeTarget section */
		9ECC589B2F2F916900181D2D /* HabitTrackerWidgetExtension */ = {
			isa = PBXNativeTarget;
			buildConfigurationList = 9ECC58AD2F2F916D00181D2D /* Build configuration list for PBXNativeTarget "HabitTrackerWidgetExtension" */;
			buildPhases = (
				9ECC58982F2F916900181D2D /* Sources */,
				9ECC58992F2F916900181D2D /* Frameworks */,
				9ECC589A2F2F916900181D2D /* Resources */,
			);
			buildRules = (
			);
			dependencies = (
			);
			fileSystemSynchronizedGroups = (
				9ECC589F2F2F916A00181D2D /* HabitTrackerWidget */,
			);
			name = HabitTrackerWidgetExtension;
			packageProductDependencies = (
			);
			productName = HabitTrackerWidgetExtension;
			productReference = 9ECC589C2F2F916A00181D2D /* HabitTrackerWidgetExtension.appex */;
			productType = "com.apple.product-type.app-extension";
		};
		9EF0C8502E8BF8F400B01A3C /* HabitTracker */ = {
			isa = PBXNativeTarget;
			buildConfigurationList = 9EF0C87A2E8BF8F500B01A3C /* Build configuration list for PBXNativeTarget "HabitTracker" */;
			buildPhases = (
				9EF0C84D2E8BF8F400B01A3C /* Sources */,
				9EF0C84E2E8BF8F400B01A3C /* Frameworks */,
				9EF0C84F2E8BF8F400B01A3C /* Resources */,
				9ECC588D2F2F912900181D2D /* Embed Foundation Extensions */,
			);
			buildRules = (
			);
			dependencies = (
				9ECC58AA2F2F916D00181D2D /* PBXTargetDependency */,
			);
			name = HabitTracker;
			productName = HabitTracker;
			productReference = 9EF0C8512E8BF8F400B01A3C /* HabitTracker.app */;
			productType = "com.apple.product-type.application";
		};
		9EF0C8652E8BF8F500B01A3C /* HabitTrackerTests */ = {
			isa = PBXNativeTarget;
			buildConfigurationList = 9EF0C87D2E8BF8F500B01A3C /* Build configuration list for PBXNativeTarget "HabitTrackerTests" */;
			buildPhases = (
				9EF0C8622E8BF8F500B01A3C /* Sources */,
				9EF0C8632E8BF8F500B01A3C /* Frameworks */,
				9EF0C8642E8BF8F500B01A3C /* Resources */,
			);
			buildRules = (
			);
			dependencies = (
				9EF0C8682E8BF8F500B01A3C /* PBXTargetDependency */,
			);
			name = HabitTrackerTests;
			productName = HabitTrackerTests;
			productReference = 9EF0C8662E8BF8F500B01A3C /* HabitTrackerTests.xctest */;
			productType = "com.apple.product-type.bundle.unit-test";
		};
		9EF0C86F2E8BF8F500B01A3C /* HabitTrackerUITests */ = {
			isa = PBXNativeTarget;
			buildConfigurationList = 9EF0C8802E8BF8F500B01A3C /* Build configuration list for PBXNativeTarget "HabitTrackerUITests" */;
			buildPhases = (
				9EF0C86C2E8BF8F500B01A3C /* Sources */,
				9EF0C86D2E8BF8F500B01A3C /* Frameworks */,
				9EF0C86E2E8BF8F500B01A3C /* Resources */,
			);
			buildRules = (
			);
			dependencies = (
				9EF0C8722E8BF8F500B01A3C /* PBXTargetDependency */,
			);
			name = HabitTrackerUITests;
			productName = HabitTrackerUITests;
			productReference = 9EF0C8702E8BF8F500B01A3C /* HabitTrackerUITests.xctest */;
			productType = "com.apple.product-type.bundle.ui-testing";
		};
/* End PBXNativeTarget section */

/* Begin PBXProject section */
		9EF0C8492E8BF8F400B01A3C /* Project object */ = {
			isa = PBXProject;
			attributes = {
				BuildIndependentTargetsInParallel = 1;
				LastSwiftUpdateCheck = 2600;
				LastUpgradeCheck = 1540;
				TargetAttributes = {
					9ECC589B2F2F916900181D2D = {
						CreatedOnToolsVersion = 26.0.1;
					};
					9EF0C8502E8BF8F400B01A3C = {
						CreatedOnToolsVersion = 15.4;
					};
					9EF0C8652E8BF8F500B01A3C = {
						CreatedOnToolsVersion = 15.4;
						TestTargetID = 9EF0C8502E8BF8F400B01A3C;
					};
					9EF0C86F2E8BF8F500B01A3C = {
						CreatedOnToolsVersion = 15.4;
						TestTargetID = 9EF0C8502E8BF8F400B01A3C;
					};
				};
			};
			buildConfigurationList = 9EF0C84C2E8BF8F400B01A3C /* Build configuration list for PBXProject "HabitTracker" */;
			compatibilityVersion = "Xcode 14.0";
			developmentRegion = en;
			hasScannedForEncodings = 0;
			knownRegions = (
				en,
				Base,
			);
			mainGroup = 9EF0C8482E8BF8F400B01A3C;
			packageReferences = (
				9E51095B2ECA22CC00A32416 /* XCRemoteSwiftPackageReference "firebase-ios-sdk" */,
				9EA5B6D02F0F605C0090C5FF /* XCRemoteSwiftPackageReference "GoogleSignIn-iOS" */,
			);
			productRefGroup = 9EF0C8522E8BF8F400B01A3C /* Products */;
			projectDirPath = "";
			projectRoot = "";
			targets = (
				9EF0C8502E8BF8F400B01A3C /* HabitTracker */,
				9EF0C8652E8BF8F500B01A3C /* HabitTrackerTests */,
				9EF0C86F2E8BF8F500B01A3C /* HabitTrackerUITests */,
				9ECC589B2F2F916900181D2D /* HabitTrackerWidgetExtension */,
			);
		};
/* End PBXProject section */

/* Begin PBXResourcesBuildPhase section */
		9ECC589A2F2F916900181D2D /* Resources */ = {
			isa = PBXResourcesBuildPhase;
			buildActionMask = 2147483647;
			files = (
			);
			runOnlyForDeploymentPostprocessing = 0;
		};
		9EF0C84F2E8BF8F400B01A3C /* Resources */ = {
			isa = PBXResourcesBuildPhase;
			buildActionMask = 2147483647;
			files = (
				9EA5B6CE2F0F5F5E0090C5FF /* GoogleService-Info.plist in Resources */,
				9EF0C85C2E8BF8F500B01A3C /* Preview Assets.xcassets in Resources */,
				9EF0C8592E8BF8F500B01A3C /* Assets.xcassets in Resources */,
			);
			runOnlyForDeploymentPostprocessing = 0;
		};
		9EF0C8642E8BF8F500B01A3C /* Resources */ = {
			isa = PBXResourcesBuildPhase;
			buildActionMask = 2147483647;
			files = (
			);
			runOnlyForDeploymentPostprocessing = 0;
		};
		9EF0C86E2E8BF8F500B01A3C /* Resources */ = {
			isa = PBXResourcesBuildPhase;
			buildActionMask = 2147483647;
			files = (
			);
			runOnlyForDeploymentPostprocessing = 0;
		};
/* End PBXResourcesBuildPhase section */

/* Begin PBXSourcesBuildPhase section */
		9ECC58982F2F916900181D2D /* Sources */ = {
			isa = PBXSourcesBuildPhase;
			buildActionMask = 2147483647;
			files = (
				9ECC58BD2F2F953900181D2D /* Habit+CoreDataClass.swift in Sources */,
				9ECC58BE2F2F953F00181D2D /* HabitTracker.xcdatamodeld in Sources */,
				9ECC58B82F2F952200181D2D /* Persistence.swift in Sources */,
				9ECC58B92F2F953400181D2D /* Habit+Extension.swift in Sources */,
				9ECC58BA2F2F953400181D2D /* Habit+CoreDataProperties.swift in Sources */,
				9E3661302F2F96980098811A /* Helpers.swift in Sources */,
				9ECC58BB2F2F953400181D2D /* User+CoreDataClass.swift in Sources */,
				9ECC58BC2F2F953400181D2D /* User+CoreDataProperties.swift in Sources */,
			);
			runOnlyForDeploymentPostprocessing = 0;
		};
		9EF0C84D2E8BF8F400B01A3C /* Sources */ = {
			isa = PBXSourcesBuildPhase;
			buildActionMask = 2147483647;
			files = (
				9EA5B6CC2F0F5EEF0090C5FF /* GoogleAuthHelper.swift in Sources */,
				9EA39D552EF24D35005168E8 /* ForgotPasswordView.swift in Sources */,
				9E528F4C2E8C2AD300FCCE91 /* HabitHeaderView.swift in Sources */,
				9EF0C85E2E8BF8F500B01A3C /* Persistence.swift in Sources */,
				9E528F342E8C14C500FCCE91 /* OnboardingSegmentController.swift in Sources */,
				9E528F112E8BFFA000FCCE91 /* DateBar.swift in Sources */,
				9EFD81E42ED93E7C0023C93E /* AccountView.swift in Sources */,
				9E528F212E8C009200FCCE91 /* AddHabit.swift in Sources */,
				9E591ECC2EB1229500F4CAF0 /* ThemeToggleButton.swift in Sources */,
				9E645C922E9AB81100487B8D /* NotificationManager.swift in Sources */,
				9EF0C88C2E8BFA4E00B01A3C /* HabitTrackerViewModel.swift in Sources */,
				9E528F192E8C000100FCCE91 /* MonthlyProgressBar.swift in Sources */,
				9E645C952E9ABF7700487B8D /* AppDelegate.swift in Sources */,
				9E528F252E8C013000FCCE91 /* TitleMonth.swift in Sources */,
				9EA5B6CA2F0F5EB20090C5FF /* GoogleSignInButton.swift in Sources */,
				9EF0C8612E8BF8F500B01A3C /* HabitTracker.xcdatamodeld in Sources */,
				9E528F322E8C01C900FCCE91 /* SignInForm.swift in Sources */,
				9E528F362E8C14DE00FCCE91 /* PasswordField.swift in Sources */,
				9EF0C88F2E8BFA8900B01A3C /* AddButton.swift in Sources */,
				9EFD81E62ED93ED10023C93E /* ProfileView.swift in Sources */,
				9E528F1B2E8C001500FCCE91 /* Monthlyprogress.swift in Sources */,
				9E528F442E8C1D7000FCCE91 /* AuthenticationService.swift in Sources */,
				9EF0C8932E8BFAA900B01A3C /* AppHeader.swift in Sources */,
				9E528F572E8C2E2700FCCE91 /* HabitName.swift in Sources */,
				9E528F422E8C197800FCCE91 /* HomeView.swift in Sources */,
				9E528F592E8C2E3A00FCCE91 /* HabitRow.swift in Sources */,
				9E528F302E8C01BC00FCCE91 /* SignUpForm.swift in Sources */,
				9E528F512E8C2DD300FCCE91 /* LogOutButton.swift in Sources */,
				9E528F3E2E8C183800FCCE91 /* Habit+Extension.swift in Sources */,
				9EFD81F22ED9DF970023C93E /* FeatureRequestView.swift in Sources */,
				9EF0C8572E8BF8F400B01A3C /* ContentView.swift in Sources */,
				9EF0C8552E8BF8F400B01A3C /* HabitTrackerApp.swift in Sources */,
				9E528F2E2E8C01AB00FCCE91 /* Onboarding.swift in Sources */,
				9E528F2B2E8C017C00FCCE91 /* CountCard.swift in Sources */,
				9E528F292E8C016600FCCE91 /* HabitStartView.swift in Sources */,
				9EF0C8872E8BF9FB00B01A3C /* Habit+CoreDataClass.swift in Sources */,
				9EFD81EC2ED947B70023C93E /* NoHabitsView.swift in Sources */,
				9E528F172E8BFFE700FCCE91 /* WeeklyProgress.swift in Sources */,
				9E528F532E8C2DED00FCCE91 /* HeaderView.swift in Sources */,
				9E528F4E2E8C2D6600FCCE91 /* HabitCheckBox.swift in Sources */,
				9EF0C8882E8BF9FB00B01A3C /* Habit+CoreDataProperties.swift in Sources */,
				9E528F552E8C2E0C00FCCE91 /* HabitList.swift in Sources */,
				9E528F3A2E8C152F00FCCE91 /* Validations.swift in Sources */,
				9EEF534D2EF7CD9A00CDEA1D /* EmojiTextField.swift in Sources */,
				9E528F232E8C010000FCCE91 /* ColorPickerView.swift in Sources */,
				9E528F272E8C014C00FCCE91 /* CloseStreak.swift in Sources */,
				9E528F0D2E8BFF5C00FCCE91 /* ButtonViewModifier.swift in Sources */,
				9E528F0F2E8BFF8A00FCCE91 /* Helpers.swift in Sources */,
				9EF0C8972E8BFAC900B01A3C /* AppState.swift in Sources */,
				9EF0C8992E8BFB3800B01A3C /* HabitDetails.swift in Sources */,
				9EF0C8912E8BFA9B00B01A3C /* BarChart.swift in Sources */,
				9EFD81EE2ED95B920023C93E /* AppGradient.swift in Sources */,
				9EF0C8892E8BF9FB00B01A3C /* User+CoreDataClass.swift in Sources */,
				9E528F1E2E8C006A00FCCE91 /* MonthPicker.swift in Sources */,
				9EF0C8952E8BFABD00B01A3C /* CircularProgressView.swift in Sources */,
				9EFD81E12ED93C510023C93E /* ProfileButton.swift in Sources */,
				9E528F4A2E8C299C00FCCE91 /* DateFormatter.swift in Sources */,
				9E528F402E8C189500FCCE91 /* CalendarHeatMap.swift in Sources */,
				9E528F382E8C14F100FCCE91 /* Enums.swift in Sources */,
				9E528F3C2E8C156900FCCE91 /* DateHelpers.swift in Sources */,
				9E528F152E8BFFC100FCCE91 /* ProgressLineChart.swift in Sources */,
				9EF0C88A2E8BF9FB00B01A3C /* User+CoreDataProperties.swift in Sources */,
				9EBEFCDC2EACF14F00F7D4DA /* EditHabitView.swift in Sources */,
			);
			runOnlyForDeploymentPostprocessing = 0;
		};
		9EF0C8622E8BF8F500B01A3C /* Sources */ = {
			isa = PBXSourcesBuildPhase;
			buildActionMask = 2147483647;
			files = (
				9EF0C86B2E8BF8F500B01A3C /* HabitTrackerTests.swift in Sources */,
			);
			runOnlyForDeploymentPostprocessing = 0;
		};
		9EF0C86C2E8BF8F500B01A3C /* Sources */ = {
			isa = PBXSourcesBuildPhase;
			buildActionMask = 2147483647;
			files = (
				9EF0C8772E8BF8F500B01A3C /* HabitTrackerUITestsLaunchTests.swift in Sources */,
				9EF0C8752E8BF8F500B01A3C /* HabitTrackerUITests.swift in Sources */,
			);
			runOnlyForDeploymentPostprocessing = 0;
		};
/* End PBXSourcesBuildPhase section */

/* Begin PBXTargetDependency section */
		9ECC58AA2F2F916D00181D2D /* PBXTargetDependency */ = {
			isa = PBXTargetDependency;
			target = 9ECC589B2F2F916900181D2D /* HabitTrackerWidgetExtension */;
			targetProxy = 9ECC58A92F2F916D00181D2D /* PBXContainerItemProxy */;
		};
		9EF0C8682E8BF8F500B01A3C /* PBXTargetDependency */ = {
			isa = PBXTargetDependency;
			target = 9EF0C8502E8BF8F400B01A3C /* HabitTracker */;
			targetProxy = 9EF0C8672E8BF8F500B01A3C /* PBXContainerItemProxy */;
		};
		9EF0C8722E8BF8F500B01A3C /* PBXTargetDependency */ = {
			isa = PBXTargetDependency;
			target = 9EF0C8502E8BF8F400B01A3C /* HabitTracker */;
			targetProxy = 9EF0C8712E8BF8F500B01A3C /* PBXContainerItemProxy */;
		};
/* End PBXTargetDependency section */

/* Begin XCBuildConfiguration section */
		9ECC58AE2F2F916D00181D2D /* Debug */ = {
			isa = XCBuildConfiguration;
			buildSettings = {
				ASSETCATALOG_COMPILER_GLOBAL_ACCENT_COLOR_NAME = AccentColor;
				ASSETCATALOG_COMPILER_WIDGET_BACKGROUND_COLOR_NAME = WidgetBackground;
				CODE_SIGN_ENTITLEMENTS = HabitTrackerWidgetExtension.entitlements;
				CODE_SIGN_STYLE = Automatic;
				CURRENT_PROJECT_VERSION = 1;
				DEVELOPMENT_TEAM = Y293576RRL;
				GENERATE_INFOPLIST_FILE = YES;
				INFOPLIST_FILE = HabitTrackerWidget/Info.plist;
				INFOPLIST_KEY_CFBundleDisplayName = HabitTrackerWidget;
				INFOPLIST_KEY_NSHumanReadableCopyright = "";
				IPHONEOS_DEPLOYMENT_TARGET = 26.0;
				LD_RUNPATH_SEARCH_PATHS = (
					"$(inherited)",
					"@executable_path/Frameworks",
					"@executable_path/../../Frameworks",
				);
				MARKETING_VERSION = 1.0;
				PRODUCT_BUNDLE_IDENTIFIER = ritika.HabitTrackerApp.HabitTrackerWidget;
				PRODUCT_NAME = "$(TARGET_NAME)";
				SKIP_INSTALL = YES;
				STRING_CATALOG_GENERATE_SYMBOLS = YES;
				SWIFT_APPROACHABLE_CONCURRENCY = YES;
				SWIFT_EMIT_LOC_STRINGS = YES;
				SWIFT_UPCOMING_FEATURE_MEMBER_IMPORT_VISIBILITY = YES;
				SWIFT_VERSION = 5.0;
				TARGETED_DEVICE_FAMILY = "1,2";
			};
			name = Debug;
		};
		9ECC58AF2F2F916D00181D2D /* Release */ = {
			isa = XCBuildConfiguration;
			buildSettings = {
				ASSETCATALOG_COMPILER_GLOBAL_ACCENT_COLOR_NAME = AccentColor;
				ASSETCATALOG_COMPILER_WIDGET_BACKGROUND_COLOR_NAME = WidgetBackground;
				CODE_SIGN_ENTITLEMENTS = HabitTrackerWidgetExtension.entitlements;
				CODE_SIGN_STYLE = Automatic;
				CURRENT_PROJECT_VERSION = 1;
				DEVELOPMENT_TEAM = Y293576RRL;
				GENERATE_INFOPLIST_FILE = YES;
				INFOPLIST_FILE = HabitTrackerWidget/Info.plist;
				INFOPLIST_KEY_CFBundleDisplayName = HabitTrackerWidget;
				INFOPLIST_KEY_NSHumanReadableCopyright = "";
				IPHONEOS_DEPLOYMENT_TARGET = 26.0;
				LD_RUNPATH_SEARCH_PATHS = (
					"$(inherited)",
					"@executable_path/Frameworks",
					"@executable_path/../../Frameworks",
				);
				MARKETING_VERSION = 1.0;
				PRODUCT_BUNDLE_IDENTIFIER = ritika.HabitTrackerApp.HabitTrackerWidget;
				PRODUCT_NAME = "$(TARGET_NAME)";
				SKIP_INSTALL = YES;
				STRING_CATALOG_GENERATE_SYMBOLS = YES;
				SWIFT_APPROACHABLE_CONCURRENCY = YES;
				SWIFT_EMIT_LOC_STRINGS = YES;
				SWIFT_UPCOMING_FEATURE_MEMBER_IMPORT_VISIBILITY = YES;
				SWIFT_VERSION = 5.0;
				TARGETED_DEVICE_FAMILY = "1,2";
			};
			name = Release;
		};
		9EF0C8782E8BF8F500B01A3C /* Debug */ = {
			isa = XCBuildConfiguration;
			buildSettings = {
				ALWAYS_SEARCH_USER_PATHS = NO;
				ASSETCATALOG_COMPILER_GENERATE_SWIFT_ASSET_SYMBOL_EXTENSIONS = YES;
				CLANG_ANALYZER_NONNULL = YES;
				CLANG_ANALYZER_NUMBER_OBJECT_CONVERSION = YES_AGGRESSIVE;
				CLANG_CXX_LANGUAGE_STANDARD = "gnu++20";
				CLANG_ENABLE_MODULES = YES;
				CLANG_ENABLE_OBJC_ARC = YES;
				CLANG_ENABLE_OBJC_WEAK = YES;
				CLANG_WARN_BLOCK_CAPTURE_AUTORELEASING = YES;
				CLANG_WARN_BOOL_CONVERSION = YES;
				CLANG_WARN_COMMA = YES;
				CLANG_WARN_CONSTANT_CONVERSION = YES;
				CLANG_WARN_DEPRECATED_OBJC_IMPLEMENTATIONS = YES;
				CLANG_WARN_DIRECT_OBJC_ISA_USAGE = YES_ERROR;
				CLANG_WARN_DOCUMENTATION_COMMENTS = YES;
				CLANG_WARN_EMPTY_BODY = YES;
				CLANG_WARN_ENUM_CONVERSION = YES;
				CLANG_WARN_INFINITE_RECURSION = YES;
				CLANG_WARN_INT_CONVERSION = YES;
				CLANG_WARN_NON_LITERAL_NULL_CONVERSION = YES;
				CLANG_WARN_OBJC_IMPLICIT_RETAIN_SELF = YES;
				CLANG_WARN_OBJC_LITERAL_CONVERSION = YES;
				CLANG_WARN_OBJC_ROOT_CLASS = YES_ERROR;
				CLANG_WARN_QUOTED_INCLUDE_IN_FRAMEWORK_HEADER = YES;
				CLANG_WARN_RANGE_LOOP_ANALYSIS = YES;
				CLANG_WARN_STRICT_PROTOTYPES = YES;
				CLANG_WARN_SUSPICIOUS_MOVE = YES;
				CLANG_WARN_UNGUARDED_AVAILABILITY = YES_AGGRESSIVE;
				CLANG_WARN_UNREACHABLE_CODE = YES;
				CLANG_WARN__DUPLICATE_METHOD_MATCH = YES;
				COPY_PHASE_STRIP = NO;
				DEBUG_INFORMATION_FORMAT = dwarf;
				ENABLE_STRICT_OBJC_MSGSEND = YES;
				ENABLE_TESTABILITY = YES;
				ENABLE_USER_SCRIPT_SANDBOXING = YES;
				GCC_C_LANGUAGE_STANDARD = gnu17;
				GCC_DYNAMIC_NO_PIC = NO;
				GCC_NO_COMMON_BLOCKS = YES;
				GCC_OPTIMIZATION_LEVEL = 0;
				GCC_PREPROCESSOR_DEFINITIONS = (
					"DEBUG=1",
					"$(inherited)",
				);
				GCC_WARN_64_TO_32_BIT_CONVERSION = YES;
				GCC_WARN_ABOUT_RETURN_TYPE = YES_ERROR;
				GCC_WARN_UNDECLARED_SELECTOR = YES;
				GCC_WARN_UNINITIALIZED_AUTOS = YES_AGGRESSIVE;
				GCC_WARN_UNUSED_FUNCTION = YES;
				GCC_WARN_UNUSED_VARIABLE = YES;
				IPHONEOS_DEPLOYMENT_TARGET = 17.5;
				LOCALIZATION_PREFERS_STRING_CATALOGS = YES;
				MTL_ENABLE_DEBUG_INFO = INCLUDE_SOURCE;
				MTL_FAST_MATH = YES;
				ONLY_ACTIVE_ARCH = YES;
				SDKROOT = iphoneos;
				SWIFT_ACTIVE_COMPILATION_CONDITIONS = "DEBUG $(inherited)";
				SWIFT_OPTIMIZATION_LEVEL = "-Onone";
			};
			name = Debug;
		};
		9EF0C8792E8BF8F500B01A3C /* Release */ = {
			isa = XCBuildConfiguration;
			buildSettings = {
				ALWAYS_SEARCH_USER_PATHS = NO;
				ASSETCATALOG_COMPILER_GENERATE_SWIFT_ASSET_SYMBOL_EXTENSIONS = YES;
				CLANG_ANALYZER_NONNULL = YES;
				CLANG_ANALYZER_NUMBER_OBJECT_CONVERSION = YES_AGGRESSIVE;
				CLANG_CXX_LANGUAGE_STANDARD = "gnu++20";
				CLANG_ENABLE_MODULES = YES;
				CLANG_ENABLE_OBJC_ARC = YES;
				CLANG_ENABLE_OBJC_WEAK = YES;
				CLANG_WARN_BLOCK_CAPTURE_AUTORELEASING = YES;
				CLANG_WARN_BOOL_CONVERSION = YES;
				CLANG_WARN_COMMA = YES;
				CLANG_WARN_CONSTANT_CONVERSION = YES;
				CLANG_WARN_DEPRECATED_OBJC_IMPLEMENTATIONS = YES;
				CLANG_WARN_DIRECT_OBJC_ISA_USAGE = YES_ERROR;
				CLANG_WARN_DOCUMENTATION_COMMENTS = YES;
				CLANG_WARN_EMPTY_BODY = YES;
				CLANG_WARN_ENUM_CONVERSION = YES;
				CLANG_WARN_INFINITE_RECURSION = YES;
				CLANG_WARN_INT_CONVERSION = YES;
				CLANG_WARN_NON_LITERAL_NULL_CONVERSION = YES;
				CLANG_WARN_OBJC_IMPLICIT_RETAIN_SELF = YES;
				CLANG_WARN_OBJC_LITERAL_CONVERSION = YES;
				CLANG_WARN_OBJC_ROOT_CLASS = YES_ERROR;
				CLANG_WARN_QUOTED_INCLUDE_IN_FRAMEWORK_HEADER = YES;
				CLANG_WARN_RANGE_LOOP_ANALYSIS = YES;
				CLANG_WARN_STRICT_PROTOTYPES = YES;
				CLANG_WARN_SUSPICIOUS_MOVE = YES;
				CLANG_WARN_UNGUARDED_AVAILABILITY = YES_AGGRESSIVE;
				CLANG_WARN_UNREACHABLE_CODE = YES;
				CLANG_WARN__DUPLICATE_METHOD_MATCH = YES;
				COPY_PHASE_STRIP = NO;
				DEBUG_INFORMATION_FORMAT = "dwarf-with-dsym";
				ENABLE_NS_ASSERTIONS = NO;
				ENABLE_STRICT_OBJC_MSGSEND = YES;
				ENABLE_USER_SCRIPT_SANDBOXING = YES;
				GCC_C_LANGUAGE_STANDARD = gnu17;
				GCC_NO_COMMON_BLOCKS = YES;
				GCC_WARN_64_TO_32_BIT_CONVERSION = YES;
				GCC_WARN_ABOUT_RETURN_TYPE = YES_ERROR;
				GCC_WARN_UNDECLARED_SELECTOR = YES;
				GCC_WARN_UNINITIALIZED_AUTOS = YES_AGGRESSIVE;
				GCC_WARN_UNUSED_FUNCTION = YES;
				GCC_WARN_UNUSED_VARIABLE = YES;
				IPHONEOS_DEPLOYMENT_TARGET = 17.5;
				LOCALIZATION_PREFERS_STRING_CATALOGS = YES;
				MTL_ENABLE_DEBUG_INFO = NO;
				MTL_FAST_MATH = YES;
				SDKROOT = iphoneos;
				SWIFT_COMPILATION_MODE = wholemodule;
				VALIDATE_PRODUCT = YES;
			};
			name = Release;
		};
		9EF0C87B2E8BF8F500B01A3C /* Debug */ = {
			isa = XCBuildConfiguration;
			buildSettings = {
				ASSETCATALOG_COMPILER_APPICON_NAME = AppIcon;
				ASSETCATALOG_COMPILER_GLOBAL_ACCENT_COLOR_NAME = AccentColor;
				CODE_SIGN_ENTITLEMENTS = HabitTracker/HabitTracker.entitlements;
				CODE_SIGN_STYLE = Automatic;
				CURRENT_PROJECT_VERSION = 1;
				DEVELOPMENT_ASSET_PATHS = "\"HabitTracker/Preview Content\"";
				DEVELOPMENT_TEAM = Y293576RRL;
				ENABLE_PREVIEWS = YES;
				GENERATE_INFOPLIST_FILE = YES;
				INFOPLIST_FILE = HabitTracker/Info.plist;
				INFOPLIST_KEY_CFBundleDisplayName = "Tiny Wins";
				INFOPLIST_KEY_UIApplicationSceneManifest_Generation = YES;
				INFOPLIST_KEY_UIApplicationSupportsIndirectInputEvents = YES;
				INFOPLIST_KEY_UILaunchScreen_Generation = YES;
				INFOPLIST_KEY_UISupportedInterfaceOrientations_iPad = "UIInterfaceOrientationPortrait UIInterfaceOrientationPortraitUpsideDown UIInterfaceOrientationLandscapeLeft UIInterfaceOrientationLandscapeRight";
				INFOPLIST_KEY_UISupportedInterfaceOrientations_iPhone = "UIInterfaceOrientationPortrait UIInterfaceOrientationLandscapeLeft UIInterfaceOrientationLandscapeRight";
				LD_RUNPATH_SEARCH_PATHS = (
					"$(inherited)",
					"@executable_path/Frameworks",
				);
				MARKETING_VERSION = 1.0.2;
				PRODUCT_BUNDLE_IDENTIFIER = ritika.HabitTrackerApp;
				PRODUCT_NAME = "$(TARGET_NAME)";
				SUPPORTED_PLATFORMS = "iphoneos iphonesimulator";
				SUPPORTS_MACCATALYST = NO;
				SUPPORTS_MAC_DESIGNED_FOR_IPHONE_IPAD = NO;
				SUPPORTS_XR_DESIGNED_FOR_IPHONE_IPAD = NO;
				SWIFT_EMIT_LOC_STRINGS = YES;
				SWIFT_VERSION = 5.0;
				TARGETED_DEVICE_FAMILY = 1;
			};
			name = Debug;
		};
		9EF0C87C2E8BF8F500B01A3C /* Release */ = {
			isa = XCBuildConfiguration;
			buildSettings = {
				ASSETCATALOG_COMPILER_APPICON_NAME = AppIcon;
				ASSETCATALOG_COMPILER_GLOBAL_ACCENT_COLOR_NAME = AccentColor;
				CODE_SIGN_ENTITLEMENTS = HabitTracker/HabitTracker.entitlements;
				CODE_SIGN_STYLE = Automatic;
				CURRENT_PROJECT_VERSION = 1;
				DEVELOPMENT_ASSET_PATHS = "\"HabitTracker/Preview Content\"";
				DEVELOPMENT_TEAM = Y293576RRL;
				ENABLE_PREVIEWS = YES;
				GENERATE_INFOPLIST_FILE = YES;
				INFOPLIST_FILE = HabitTracker/Info.plist;
				INFOPLIST_KEY_CFBundleDisplayName = "Tiny Wins";
				INFOPLIST_KEY_UIApplicationSceneManifest_Generation = YES;
				INFOPLIST_KEY_UIApplicationSupportsIndirectInputEvents = YES;
				INFOPLIST_KEY_UILaunchScreen_Generation = YES;
				INFOPLIST_KEY_UISupportedInterfaceOrientations_iPad = "UIInterfaceOrientationPortrait UIInterfaceOrientationPortraitUpsideDown UIInterfaceOrientationLandscapeLeft UIInterfaceOrientationLandscapeRight";
				INFOPLIST_KEY_UISupportedInterfaceOrientations_iPhone = "UIInterfaceOrientationPortrait UIInterfaceOrientationLandscapeLeft UIInterfaceOrientationLandscapeRight";
				LD_RUNPATH_SEARCH_PATHS = (
					"$(inherited)",
					"@executable_path/Frameworks",
				);
				MARKETING_VERSION = 1.0.2;
				PRODUCT_BUNDLE_IDENTIFIER = ritika.HabitTrackerApp;
				PRODUCT_NAME = "$(TARGET_NAME)";
				SUPPORTED_PLATFORMS = "iphoneos iphonesimulator";
				SUPPORTS_MACCATALYST = NO;
				SUPPORTS_MAC_DESIGNED_FOR_IPHONE_IPAD = NO;
				SUPPORTS_XR_DESIGNED_FOR_IPHONE_IPAD = NO;
				SWIFT_EMIT_LOC_STRINGS = YES;
				SWIFT_VERSION = 5.0;
				TARGETED_DEVICE_FAMILY = 1;
			};
			name = Release;
		};
		9EF0C87E2E8BF8F500B01A3C /* Debug */ = {
			isa = XCBuildConfiguration;
			buildSettings = {
				ALWAYS_EMBED_SWIFT_STANDARD_LIBRARIES = YES;
				BUNDLE_LOADER = "$(TEST_HOST)";
				CODE_SIGN_STYLE = Automatic;
				CURRENT_PROJECT_VERSION = 1;
				GENERATE_INFOPLIST_FILE = YES;
				IPHONEOS_DEPLOYMENT_TARGET = 17.5;
				MARKETING_VERSION = 1.0;
				PRODUCT_BUNDLE_IDENTIFIER = ritika.HabitTrackerTests;
				PRODUCT_NAME = "$(TARGET_NAME)";
				SWIFT_EMIT_LOC_STRINGS = NO;
				SWIFT_VERSION = 5.0;
				TARGETED_DEVICE_FAMILY = "1,2";
				TEST_HOST = "$(BUILT_PRODUCTS_DIR)/HabitTracker.app/$(BUNDLE_EXECUTABLE_FOLDER_PATH)/HabitTracker";
			};
			name = Debug;
		};
		9EF0C87F2E8BF8F500B01A3C /* Release */ = {
			isa = XCBuildConfiguration;
			buildSettings = {
				ALWAYS_EMBED_SWIFT_STANDARD_LIBRARIES = YES;
				BUNDLE_LOADER = "$(TEST_HOST)";
				CODE_SIGN_STYLE = Automatic;
				CURRENT_PROJECT_VERSION = 1;
				GENERATE_INFOPLIST_FILE = YES;
				IPHONEOS_DEPLOYMENT_TARGET = 17.5;
				MARKETING_VERSION = 1.0;
				PRODUCT_BUNDLE_IDENTIFIER = ritika.HabitTrackerTests;
				PRODUCT_NAME = "$(TARGET_NAME)";
				SWIFT_EMIT_LOC_STRINGS = NO;
				SWIFT_VERSION = 5.0;
				TARGETED_DEVICE_FAMILY = "1,2";
				TEST_HOST = "$(BUILT_PRODUCTS_DIR)/HabitTracker.app/$(BUNDLE_EXECUTABLE_FOLDER_PATH)/HabitTracker";
			};
			name = Release;
		};
		9EF0C8812E8BF8F500B01A3C /* Debug */ = {
			isa = XCBuildConfiguration;
			buildSettings = {
				ALWAYS_EMBED_SWIFT_STANDARD_LIBRARIES = YES;
				CODE_SIGN_STYLE = Automatic;
				CURRENT_PROJECT_VERSION = 1;
				GENERATE_INFOPLIST_FILE = YES;
				MARKETING_VERSION = 1.0;
				PRODUCT_BUNDLE_IDENTIFIER = ritika.HabitTrackerUITests;
				PRODUCT_NAME = "$(TARGET_NAME)";
				SWIFT_EMIT_LOC_STRINGS = NO;
				SWIFT_VERSION = 5.0;
				TARGETED_DEVICE_FAMILY = "1,2";
				TEST_TARGET_NAME = HabitTracker;
			};
			name = Debug;
		};
		9EF0C8822E8BF8F500B01A3C /* Release */ = {
			isa = XCBuildConfiguration;
			buildSettings = {
				ALWAYS_EMBED_SWIFT_STANDARD_LIBRARIES = YES;
				CODE_SIGN_STYLE = Automatic;
				CURRENT_PROJECT_VERSION = 1;
				GENERATE_INFOPLIST_FILE = YES;
				MARKETING_VERSION = 1.0;
				PRODUCT_BUNDLE_IDENTIFIER = ritika.HabitTrackerUITests;
				PRODUCT_NAME = "$(TARGET_NAME)";
				SWIFT_EMIT_LOC_STRINGS = NO;
				SWIFT_VERSION = 5.0;
				TARGETED_DEVICE_FAMILY = "1,2";
				TEST_TARGET_NAME = HabitTracker;
			};
			name = Release;
		};
/* End XCBuildConfiguration section */

/* Begin XCConfigurationList section */
		9ECC58AD2F2F916D00181D2D /* Build configuration list for PBXNativeTarget "HabitTrackerWidgetExtension" */ = {
			isa = XCConfigurationList;
			buildConfigurations = (
				9ECC58AE2F2F916D00181D2D /* Debug */,
				9ECC58AF2F2F916D00181D2D /* Release */,
			);
			defaultConfigurationIsVisible = 0;
			defaultConfigurationName = Release;
		};
		9EF0C84C2E8BF8F400B01A3C /* Build configuration list for PBXProject "HabitTracker" */ = {
			isa = XCConfigurationList;
			buildConfigurations = (
				9EF0C8782E8BF8F500B01A3C /* Debug */,
				9EF0C8792E8BF8F500B01A3C /* Release */,
			);
			defaultConfigurationIsVisible = 0;
			defaultConfigurationName = Release;
		};
		9EF0C87A2E8BF8F500B01A3C /* Build configuration list for PBXNativeTarget "HabitTracker" */ = {
			isa = XCConfigurationList;
			buildConfigurations = (
				9EF0C87B2E8BF8F500B01A3C /* Debug */,
				9EF0C87C2E8BF8F500B01A3C /* Release */,
			);
			defaultConfigurationIsVisible = 0;
			defaultConfigurationName = Release;
		};
		9EF0C87D2E8BF8F500B01A3C /* Build configuration list for PBXNativeTarget "HabitTrackerTests" */ = {
			isa = XCConfigurationList;
			buildConfigurations = (
				9EF0C87E2E8BF8F500B01A3C /* Debug */,
				9EF0C87F2E8BF8F500B01A3C /* Release */,
			);
			defaultConfigurationIsVisible = 0;
			defaultConfigurationName = Release;
		};
		9EF0C8802E8BF8F500B01A3C /* Build configuration list for PBXNativeTarget "HabitTrackerUITests" */ = {
			isa = XCConfigurationList;
			buildConfigurations = (
				9EF0C8812E8BF8F500B01A3C /* Debug */,
				9EF0C8822E8BF8F500B01A3C /* Release */,
			);
			defaultConfigurationIsVisible = 0;
			defaultConfigurationName = Release;
		};
/* End XCConfigurationList section */

/* Begin XCRemoteSwiftPackageReference section */
		9E51095B2ECA22CC00A32416 /* XCRemoteSwiftPackageReference "firebase-ios-sdk" */ = {
			isa = XCRemoteSwiftPackageReference;
			repositoryURL = "https://github.com/firebase/firebase-ios-sdk";
			requirement = {
				kind = upToNextMajorVersion;
				minimumVersion = 12.6.0;
			};
		};
		9E9E41282EBCF3D9004ACFEE /* XCRemoteSwiftPackageReference "firebase-ios-sdk" */ = {
			isa = XCRemoteSwiftPackageReference;
			repositoryURL = "https://github.com/firebase/firebase-ios-sdk";
			requirement = {
				kind = upToNextMajorVersion;
				minimumVersion = 12.5.0;
			};
		};
		9EA5B6D02F0F605C0090C5FF /* XCRemoteSwiftPackageReference "GoogleSignIn-iOS" */ = {
			isa = XCRemoteSwiftPackageReference;
			repositoryURL = "https://github.com/google/GoogleSignIn-iOS";
			requirement = {
				kind = upToNextMajorVersion;
				minimumVersion = 9.1.0;
			};
		};
/* End XCRemoteSwiftPackageReference section */

/* Begin XCSwiftPackageProductDependency section */
		9E51095C2ECA22CD00A32416 /* FirebaseAuth */ = {
			isa = XCSwiftPackageProductDependency;
			package = 9E51095B2ECA22CC00A32416 /* XCRemoteSwiftPackageReference "firebase-ios-sdk" */;
			productName = FirebaseAuth;
		};
		9E51095E2ECA22CD00A32416 /* FirebaseCore */ = {
			isa = XCSwiftPackageProductDependency;
			package = 9E51095B2ECA22CC00A32416 /* XCRemoteSwiftPackageReference "firebase-ios-sdk" */;
			productName = FirebaseCore;
		};
		9E9E41372EBCF3D9004ACFEE /* FirebaseAuth */ = {
			isa = XCSwiftPackageProductDependency;
			package = 9E9E41282EBCF3D9004ACFEE /* XCRemoteSwiftPackageReference "firebase-ios-sdk" */;
			productName = FirebaseAuth;
		};
		9E9E413B2EBCF3D9004ACFEE /* FirebaseCore */ = {
			isa = XCSwiftPackageProductDependency;
			package = 9E9E41282EBCF3D9004ACFEE /* XCRemoteSwiftPackageReference "firebase-ios-sdk" */;
			productName = FirebaseCore;
		};
		9EA5B6D12F0F605C0090C5FF /* GoogleSignIn */ = {
			isa = XCSwiftPackageProductDependency;
			package = 9EA5B6D02F0F605C0090C5FF /* XCRemoteSwiftPackageReference "GoogleSignIn-iOS" */;
			productName = GoogleSignIn;
		};
		9EA5B6D32F0F605C0090C5FF /* GoogleSignInSwift */ = {
			isa = XCSwiftPackageProductDependency;
			package = 9EA5B6D02F0F605C0090C5FF /* XCRemoteSwiftPackageReference "GoogleSignIn-iOS" */;
			productName = GoogleSignInSwift;
		};
/* End XCSwiftPackageProductDependency section */

/* Begin XCVersionGroup section */
		9EF0C85F2E8BF8F500B01A3C /* HabitTracker.xcdatamodeld */ = {
			isa = XCVersionGroup;
			children = (
				9EF0C8602E8BF8F500B01A3C /* HabitTracker.xcdatamodel */,
			);
			currentVersion = 9EF0C8602E8BF8F500B01A3C /* HabitTracker.xcdatamodel */;
			path = HabitTracker.xcdatamodeld;
			sourceTree = "<group>";
			versionGroupType = wrapper.xcdatamodel;
		};
/* End XCVersionGroup section */
	};
	rootObject = 9EF0C8492E8BF8F400B01A3C /* Project object */;
}
